
Microsoft Visual Studio Solution File, Format Version 12.00
# Visual Studio Version 16
VisualStudioVersion = 16.0.31313.79
MinimumVisualStudioVersion = 10.0.40219.1
Project("{FAE04EC0-301F-11D3-BF4B-00C04F79EFBC}") = "Lab4", "Lab4\Lab4.csproj", "{9567598A-43D2-4AE9-8804-E95E20C37922}"
EndProject
Global
	GlobalSection(SolutionConfigurationPlatforms) = preSolution
		Debug|Any CPU = Debug|Any CPU
		Release|Any CPU = Release|Any CPU
	EndGlobalSection
	GlobalSection(ProjectConfigurationPlatforms) = postSolution
		{9567598A-43D2-4AE9-8804-E95E20C37922}.Debug|Any CPU.ActiveCfg = Debug|Any CPU
		{9567598A-43D2-4AE9-8804-E95E20C37922}.Debug|Any CPU.Build.0 = Debug|Any CPU
		{9567598A-43D2-4AE9-8804-E95E20C37922}.Release|Any CPU.ActiveCfg = Release|Any CPU
		{9567598A-43D2-4AE9-8804-E95E20C37922}.Release|Any CPU.Build.0 = Release|Any CPU
	EndGlobalSection
	GlobalSection(SolutionProperties) = preSolution
		HideSolutionNode = FALSE
	EndGlobalSection
	GlobalSection(ExtensibilityGlobals) = postSolution
		SolutionGuid = {29D166B5-36B8-4432-AC87-F57F2B25A492}
	EndGlobalSection
EndGlobal
